// !$*UTF8*$!
{
	archiveVersion = 1;
	classes = {
	};
	objectVersion = 56;
	objects = {

/* Begin PBXBuildFile section */
		20085B8529BB22EA00E5D573 /* GameSolvedView.swift in Sources */ = {isa = PBXBuildFile; fileRef = 20085B8429BB22EA00E5D573 /* GameSolvedView.swift */; };
		207E25C529C0090B00FCA8BF /* Coordinator+App.swift in Sources */ = {isa = PBXBuildFile; fileRef = 207E25C429C0090B00FCA8BF /* Coordinator+App.swift */; };
		207E25C729C00B8400FCA8BF /* Coordinator+Game.swift in Sources */ = {isa = PBXBuildFile; fileRef = 207E25C629C00B8400FCA8BF /* Coordinator+Game.swift */; };
		207E25C929C0561800FCA8BF /* Settings.swift in Sources */ = {isa = PBXBuildFile; fileRef = 207E25C829C0561800FCA8BF /* Settings.swift */; };
		20AB318129B7EA17007A48C2 /* DailySkyeApp.swift in Sources */ = {isa = PBXBuildFile; fileRef = 20AB318029B7EA17007A48C2 /* DailySkyeApp.swift */; };
		20AB318329B7EA17007A48C2 /* ContentView.swift in Sources */ = {isa = PBXBuildFile; fileRef = 20AB318229B7EA17007A48C2 /* ContentView.swift */; };
		20AB318529B7EA18007A48C2 /* Assets.xcassets in Resources */ = {isa = PBXBuildFile; fileRef = 20AB318429B7EA18007A48C2 /* Assets.xcassets */; };
		20AB318829B7EA18007A48C2 /* Preview Assets.xcassets in Resources */ = {isa = PBXBuildFile; fileRef = 20AB318729B7EA18007A48C2 /* Preview Assets.xcassets */; };
		20AB318F29B7EA30007A48C2 /* GameDescriptor.swift in Sources */ = {isa = PBXBuildFile; fileRef = 20AB318E29B7EA30007A48C2 /* GameDescriptor.swift */; };
		20AB319129B7EB9B007A48C2 /* HomePage.swift in Sources */ = {isa = PBXBuildFile; fileRef = 20AB319029B7EB9B007A48C2 /* HomePage.swift */; };
		20AB319329B80A62007A48C2 /* GameView.swift in Sources */ = {isa = PBXBuildFile; fileRef = 20AB319229B80A62007A48C2 /* GameView.swift */; };
		20AB319529B80FE2007A48C2 /* GamePage.swift in Sources */ = {isa = PBXBuildFile; fileRef = 20AB319429B80FE2007A48C2 /* GamePage.swift */; };
		20AB319729B8FA26007A48C2 /* Coordinator.swift in Sources */ = {isa = PBXBuildFile; fileRef = 20AB319629B8FA26007A48C2 /* Coordinator.swift */; };
		20AB319929B92F57007A48C2 /* GamePickerRowView.swift in Sources */ = {isa = PBXBuildFile; fileRef = 20AB319829B92F57007A48C2 /* GamePickerRowView.swift */; };
/* End PBXBuildFile section */

/* Begin PBXFileReference section */
		20085B8429BB22EA00E5D573 /* GameSolvedView.swift */ = {isa = PBXFileReference; lastKnownFileType = sourcecode.swift; path = GameSolvedView.swift; sourceTree = "<group>"; };
		207E25C429C0090B00FCA8BF /* Coordinator+App.swift */ = {isa = PBXFileReference; lastKnownFileType = sourcecode.swift; path = "Coordinator+App.swift"; sourceTree = "<group>"; };
		207E25C629C00B8400FCA8BF /* Coordinator+Game.swift */ = {isa = PBXFileReference; lastKnownFileType = sourcecode.swift; path = "Coordinator+Game.swift"; sourceTree = "<group>"; };
		207E25C829C0561800FCA8BF /* Settings.swift */ = {isa = PBXFileReference; lastKnownFileType = sourcecode.swift; path = Settings.swift; sourceTree = "<group>"; };
		209F4F0A29BB1B7800F50138 /* Notes.txt */ = {isa = PBXFileReference; lastKnownFileType = text; path = Notes.txt; sourceTree = "<group>"; };
		20AB317D29B7EA17007A48C2 /* DailySkye.app */ = {isa = PBXFileReference; explicitFileType = wrapper.application; includeInIndex = 0; path = DailySkye.app; sourceTree = BUILT_PRODUCTS_DIR; };
		20AB318029B7EA17007A48C2 /* DailySkyeApp.swift */ = {isa = PBXFileReference; lastKnownFileType = sourcecode.swift; path = DailySkyeApp.swift; sourceTree = "<group>"; };
		20AB318229B7EA17007A48C2 /* ContentView.swift */ = {isa = PBXFileReference; lastKnownFileType = sourcecode.swift; path = ContentView.swift; sourceTree = "<group>"; };
		20AB318429B7EA18007A48C2 /* Assets.xcassets */ = {isa = PBXFileReference; lastKnownFileType = folder.assetcatalog; path = Assets.xcassets; sourceTree = "<group>"; };
		20AB318729B7EA18007A48C2 /* Preview Assets.xcassets */ = {isa = PBXFileReference; lastKnownFileType = folder.assetcatalog; path = "Preview Assets.xcassets"; sourceTree = "<group>"; };
		20AB318E29B7EA30007A48C2 /* GameDescriptor.swift */ = {isa = PBXFileReference; lastKnownFileType = sourcecode.swift; path = GameDescriptor.swift; sourceTree = "<group>"; };
		20AB319029B7EB9B007A48C2 /* HomePage.swift */ = {isa = PBXFileReference; lastKnownFileType = sourcecode.swift; path = HomePage.swift; sourceTree = "<group>"; };
		20AB319229B80A62007A48C2 /* GameView.swift */ = {isa = PBXFileReference; lastKnownFileType = sourcecode.swift; path = GameView.swift; sourceTree = "<group>"; };
		20AB319429B80FE2007A48C2 /* GamePage.swift */ = {isa = PBXFileReference; lastKnownFileType = sourcecode.swift; path = GamePage.swift; sourceTree = "<group>"; };
		20AB319629B8FA26007A48C2 /* Coordinator.swift */ = {isa = PBXFileReference; lastKnownFileType = sourcecode.swift; path = Coordinator.swift; sourceTree = "<group>"; };
		20AB319829B92F57007A48C2 /* GamePickerRowView.swift */ = {isa = PBXFileReference; lastKnownFileType = sourcecode.swift; path = GamePickerRowView.swift; sourceTree = "<group>"; };
/* End PBXFileReference section */

/* Begin PBXFrameworksBuildPhase section */
		20AB317A29B7EA17007A48C2 /* Frameworks */ = {
			isa = PBXFrameworksBuildPhase;
			buildActionMask = 2147483647;
			files = (
			);
			runOnlyForDeploymentPostprocessing = 0;
		};
/* End PBXFrameworksBuildPhase section */

/* Begin PBXGroup section */
		20AB317429B7EA17007A48C2 = {
			isa = PBXGroup;
			children = (
				20AB317F29B7EA17007A48C2 /* DailySkye */,
				20AB317E29B7EA17007A48C2 /* Products */,
			);
			sourceTree = "<group>";
		};
		20AB317E29B7EA17007A48C2 /* Products */ = {
			isa = PBXGroup;
			children = (
				20AB317D29B7EA17007A48C2 /* DailySkye.app */,
			);
			name = Products;
			sourceTree = "<group>";
		};
		20AB317F29B7EA17007A48C2 /* DailySkye */ = {
			isa = PBXGroup;
			children = (
				20AB318229B7EA17007A48C2 /* ContentView.swift */,
				20AB319629B8FA26007A48C2 /* Coordinator.swift */,
				207E25C429C0090B00FCA8BF /* Coordinator+App.swift */,
				207E25C629C00B8400FCA8BF /* Coordinator+Game.swift */,
				20AB318029B7EA17007A48C2 /* DailySkyeApp.swift */,
				20AB318E29B7EA30007A48C2 /* GameDescriptor.swift */,
				20AB319429B80FE2007A48C2 /* GamePage.swift */,
				20AB319029B7EB9B007A48C2 /* HomePage.swift */,
				20AB319829B92F57007A48C2 /* GamePickerRowView.swift */,
				20085B8429BB22EA00E5D573 /* GameSolvedView.swift */,
				20AB319229B80A62007A48C2 /* GameView.swift */,
				207E25C829C0561800FCA8BF /* Settings.swift */,
				209F4F0A29BB1B7800F50138 /* Notes.txt */,
				20AB318429B7EA18007A48C2 /* Assets.xcassets */,
				20AB318629B7EA18007A48C2 /* Preview Content */,
			);
			path = DailySkye;
			sourceTree = "<group>";
		};
		20AB318629B7EA18007A48C2 /* Preview Content */ = {
			isa = PBXGroup;
			children = (
				20AB318729B7EA18007A48C2 /* Preview Assets.xcassets */,
			);
			path = "Preview Content";
			sourceTree = "<group>";
		};
/* End PBXGroup section */

/* Begin PBXNativeTarget section */
		20AB317C29B7EA17007A48C2 /* DailySkye */ = {
			isa = PBXNativeTarget;
			buildConfigurationList = 20AB318B29B7EA18007A48C2 /* Build configuration list for PBXNativeTarget "DailySkye" */;
			buildPhases = (
				20AB317929B7EA17007A48C2 /* Sources */,
				20AB317A29B7EA17007A48C2 /* Frameworks */,
				20AB317B29B7EA17007A48C2 /* Resources */,
			);
			buildRules = (
			);
			dependencies = (
			);
			name = DailySkye;
			productName = DailySkye;
			productReference = 20AB317D29B7EA17007A48C2 /* DailySkye.app */;
			productType = "com.apple.product-type.application";
		};
/* End PBXNativeTarget section */

/* Begin PBXProject section */
		20AB317529B7EA17007A48C2 /* Project object */ = {
			isa = PBXProject;
			attributes = {
				BuildIndependentTargetsInParallel = 1;
				LastSwiftUpdateCheck = 1400;
				LastUpgradeCheck = 1400;
				TargetAttributes = {
					20AB317C29B7EA17007A48C2 = {
						CreatedOnToolsVersion = 14.0.1;
					};
				};
			};
			buildConfigurationList = 20AB317829B7EA17007A48C2 /* Build configuration list for PBXProject "DailySkye" */;
			compatibilityVersion = "Xcode 14.0";
			developmentRegion = en;
			hasScannedForEncodings = 0;
			knownRegions = (
				en,
				Base,
			);
			mainGroup = 20AB317429B7EA17007A48C2;
			productRefGroup = 20AB317E29B7EA17007A48C2 /* Products */;
			projectDirPath = "";
			projectRoot = "";
			targets = (
				20AB317C29B7EA17007A48C2 /* DailySkye */,
			);
		};
/* End PBXProject section */

/* Begin PBXResourcesBuildPhase section */
		20AB317B29B7EA17007A48C2 /* Resources */ = {
			isa = PBXResourcesBuildPhase;
			buildActionMask = 2147483647;
			files = (
				20AB318829B7EA18007A48C2 /* Preview Assets.xcassets in Resources */,
				20AB318529B7EA18007A48C2 /* Assets.xcassets in Resources */,
			);
			runOnlyForDeploymentPostprocessing = 0;
		};
/* End PBXResourcesBuildPhase section */

/* Begin PBXSourcesBuildPhase section */
		20AB317929B7EA17007A48C2 /* Sources */ = {
			isa = PBXSourcesBuildPhase;
			buildActionMask = 2147483647;
			files = (
				207E25C529C0090B00FCA8BF /* Coordinator+App.swift in Sources */,
				20AB319529B80FE2007A48C2 /* GamePage.swift in Sources */,
				20AB319929B92F57007A48C2 /* GamePickerRowView.swift in Sources */,
				20AB318F29B7EA30007A48C2 /* GameDescriptor.swift in Sources */,
				20AB318329B7EA17007A48C2 /* ContentView.swift in Sources */,
				20085B8529BB22EA00E5D573 /* GameSolvedView.swift in Sources */,
				207E25C929C0561800FCA8BF /* Settings.swift in Sources */,
				20AB319129B7EB9B007A48C2 /* HomePage.swift in Sources */,
				207E25C729C00B8400FCA8BF /* Coordinator+Game.swift in Sources */,
				20AB318129B7EA17007A48C2 /* DailySkyeApp.swift in Sources */,
				20AB319329B80A62007A48C2 /* GameView.swift in Sources */,
				20AB319729B8FA26007A48C2 /* Coordinator.swift in Sources */,
			);
			runOnlyForDeploymentPostprocessing = 0;
		};
/* End PBXSourcesBuildPhase section */

/* Begin XCBuildConfiguration section */
		20AB318929B7EA18007A48C2 /* Debug */ = {
			isa = XCBuildConfiguration;
			buildSettings = {
				ALWAYS_SEARCH_USER_PATHS = NO;
				CLANG_ANALYZER_NONNULL = YES;
				CLANG_ANALYZER_NUMBER_OBJECT_CONVERSION = YES_AGGRESSIVE;
				CLANG_CXX_LANGUAGE_STANDARD = "gnu++20";
				CLANG_ENABLE_MODULES = YES;
				CLANG_ENABLE_OBJC_ARC = YES;
				CLANG_ENABLE_OBJC_WEAK = YES;
				CLANG_WARN_BLOCK_CAPTURE_AUTORELEASING = YES;
				CLANG_WARN_BOOL_CONVERSION = YES;
				CLANG_WARN_COMMA = YES;
				CLANG_WARN_CONSTANT_CONVERSION = YES;
				CLANG_WARN_DEPRECATED_OBJC_IMPLEMENTATIONS = YES;
				CLANG_WARN_DIRECT_OBJC_ISA_USAGE = YES_ERROR;
				CLANG_WARN_DOCUMENTATION_COMMENTS = YES;
				CLANG_WARN_EMPTY_BODY = YES;
				CLANG_WARN_ENUM_CONVERSION = YES;
				CLANG_WARN_INFINITE_RECURSION = YES;
				CLANG_WARN_INT_CONVERSION = YES;
				CLANG_WARN_NON_LITERAL_NULL_CONVERSION = YES;
				CLANG_WARN_OBJC_IMPLICIT_RETAIN_SELF = YES;
				CLANG_WARN_OBJC_LITERAL_CONVERSION = YES;
				CLANG_WARN_OBJC_ROOT_CLASS = YES_ERROR;
				CLANG_WARN_QUOTED_INCLUDE_IN_FRAMEWORK_HEADER = YES;
				CLANG_WARN_RANGE_LOOP_ANALYSIS = YES;
				CLANG_WARN_STRICT_PROTOTYPES = YES;
				CLANG_WARN_SUSPICIOUS_MOVE = YES;
				CLANG_WARN_UNGUARDED_AVAILABILITY = YES_AGGRESSIVE;
				CLANG_WARN_UNREACHABLE_CODE = YES;
				CLANG_WARN__DUPLICATE_METHOD_MATCH = YES;
				COPY_PHASE_STRIP = NO;
				DEBUG_INFORMATION_FORMAT = dwarf;
				ENABLE_STRICT_OBJC_MSGSEND = YES;
				ENABLE_TESTABILITY = YES;
				GCC_C_LANGUAGE_STANDARD = gnu11;
				GCC_DYNAMIC_NO_PIC = NO;
				GCC_NO_COMMON_BLOCKS = YES;
				GCC_OPTIMIZATION_LEVEL = 0;
				GCC_PREPROCESSOR_DEFINITIONS = (
					"DEBUG=1",
					"$(inherited)",
				);
				GCC_WARN_64_TO_32_BIT_CONVERSION = YES;
				GCC_WARN_ABOUT_RETURN_TYPE = YES_ERROR;
				GCC_WARN_UNDECLARED_SELECTOR = YES;
				GCC_WARN_UNINITIALIZED_AUTOS = YES_AGGRESSIVE;
				GCC_WARN_UNUSED_FUNCTION = YES;
				GCC_WARN_UNUSED_VARIABLE = YES;
				IPHONEOS_DEPLOYMENT_TARGET = 16.0;
				MTL_ENABLE_DEBUG_INFO = INCLUDE_SOURCE;
				MTL_FAST_MATH = YES;
				ONLY_ACTIVE_ARCH = YES;
				SDKROOT = iphoneos;
				SWIFT_ACTIVE_COMPILATION_CONDITIONS = DEBUG;
				SWIFT_OPTIMIZATION_LEVEL = "-Onone";
			};
			name = Debug;
		};
		20AB318A29B7EA18007A48C2 /* Release */ = {
			isa = XCBuildConfiguration;
			buildSettings = {
				ALWAYS_SEARCH_USER_PATHS = NO;
				CLANG_ANALYZER_NONNULL = YES;
				CLANG_ANALYZER_NUMBER_OBJECT_CONVERSION = YES_AGGRESSIVE;
				CLANG_CXX_LANGUAGE_STANDARD = "gnu++20";
				CLANG_ENABLE_MODULES = YES;
				CLANG_ENABLE_OBJC_ARC = YES;
				CLANG_ENABLE_OBJC_WEAK = YES;
				CLANG_WARN_BLOCK_CAPTURE_AUTORELEASING = YES;
				CLANG_WARN_BOOL_CONVERSION = YES;
				CLANG_WARN_COMMA = YES;
				CLANG_WARN_CONSTANT_CONVERSION = YES;
				CLANG_WARN_DEPRECATED_OBJC_IMPLEMENTATIONS = YES;
				CLANG_WARN_DIRECT_OBJC_ISA_USAGE = YES_ERROR;
				CLANG_WARN_DOCUMENTATION_COMMENTS = YES;
				CLANG_WARN_EMPTY_BODY = YES;
				CLANG_WARN_ENUM_CONVERSION = YES;
				CLANG_WARN_INFINITE_RECURSION = YES;
				CLANG_WARN_INT_CONVERSION = YES;
				CLANG_WARN_NON_LITERAL_NULL_CONVERSION = YES;
				CLANG_WARN_OBJC_IMPLICIT_RETAIN_SELF = YES;
				CLANG_WARN_OBJC_LITERAL_CONVERSION = YES;
				CLANG_WARN_OBJC_ROOT_CLASS = YES_ERROR;
				CLANG_WARN_QUOTED_INCLUDE_IN_FRAMEWORK_HEADER = YES;
				CLANG_WARN_RANGE_LOOP_ANALYSIS = YES;
				CLANG_WARN_STRICT_PROTOTYPES = YES;
				CLANG_WARN_SUSPICIOUS_MOVE = YES;
				CLANG_WARN_UNGUARDED_AVAILABILITY = YES_AGGRESSIVE;
				CLANG_WARN_UNREACHABLE_CODE = YES;
				CLANG_WARN__DUPLICATE_METHOD_MATCH = YES;
				COPY_PHASE_STRIP = NO;
				DEBUG_INFORMATION_FORMAT = "dwarf-with-dsym";
				ENABLE_NS_ASSERTIONS = NO;
				ENABLE_STRICT_OBJC_MSGSEND = YES;
				GCC_C_LANGUAGE_STANDARD = gnu11;
				GCC_NO_COMMON_BLOCKS = YES;
				GCC_WARN_64_TO_32_BIT_CONVERSION = YES;
				GCC_WARN_ABOUT_RETURN_TYPE = YES_ERROR;
				GCC_WARN_UNDECLARED_SELECTOR = YES;
				GCC_WARN_UNINITIALIZED_AUTOS = YES_AGGRESSIVE;
				GCC_WARN_UNUSED_FUNCTION = YES;
				GCC_WARN_UNUSED_VARIABLE = YES;
				IPHONEOS_DEPLOYMENT_TARGET = 16.0;
				MTL_ENABLE_DEBUG_INFO = NO;
				MTL_FAST_MATH = YES;
				SDKROOT = iphoneos;
				SWIFT_COMPILATION_MODE = wholemodule;
				SWIFT_OPTIMIZATION_LEVEL = "-O";
				VALIDATE_PRODUCT = YES;
			};
			name = Release;
		};
		20AB318C29B7EA18007A48C2 /* Debug */ = {
			isa = XCBuildConfiguration;
			buildSettings = {
				ASSETCATALOG_COMPILER_APPICON_NAME = AppIcon;
				ASSETCATALOG_COMPILER_GLOBAL_ACCENT_COLOR_NAME = AccentColor;
				CODE_SIGN_STYLE = Automatic;
				CURRENT_PROJECT_VERSION = 1;
				DEVELOPMENT_ASSET_PATHS = "\"DailySkye/Preview Content\"";
				DEVELOPMENT_TEAM = CM265W9P69;
				ENABLE_PREVIEWS = YES;
				GENERATE_INFOPLIST_FILE = YES;
				INFOPLIST_KEY_UIApplicationSceneManifest_Generation = YES;
				INFOPLIST_KEY_UIApplicationSupportsIndirectInputEvents = YES;
				INFOPLIST_KEY_UILaunchScreen_Generation = YES;
				INFOPLIST_KEY_UIStatusBarStyle = "";
				INFOPLIST_KEY_UISupportedInterfaceOrientations = "UIInterfaceOrientationLandscapeLeft UIInterfaceOrientationLandscapeRight";
				INFOPLIST_KEY_UISupportedInterfaceOrientations_iPad = "UIInterfaceOrientationLandscapeLeft UIInterfaceOrientationLandscapeRight UIInterfaceOrientationPortrait UIInterfaceOrientationPortraitUpsideDown";
				LD_RUNPATH_SEARCH_PATHS = (
					"$(inherited)",
					"@executable_path/Frameworks",
				);
				MARKETING_VERSION = 1.0;
				PRODUCT_BUNDLE_IDENTIFIER = blacklabs.DailySkye;
				PRODUCT_NAME = "$(TARGET_NAME)";
				SWIFT_EMIT_LOC_STRINGS = YES;
				SWIFT_VERSION = 5.0;
				TARGETED_DEVICE_FAMILY = "1,2";
			};
			name = Debug;
		};
		20AB318D29B7EA18007A48C2 /* Release */ = {
			isa = XCBuildConfiguration;
			buildSettings = {
				ASSETCATALOG_COMPILER_APPICON_NAME = AppIcon;
				ASSETCATALOG_COMPILER_GLOBAL_ACCENT_COLOR_NAME = AccentColor;
				CODE_SIGN_STYLE = Automatic;
				CURRENT_PROJECT_VERSION = 1;
				DEVELOPMENT_ASSET_PATHS = "\"DailySkye/Preview Content\"";
				DEVELOPMENT_TEAM = CM265W9P69;
				ENABLE_PREVIEWS = YES;
				GENERATE_INFOPLIST_FILE = YES;
				INFOPLIST_KEY_UIApplicationSceneManifest_Generation = YES;
				INFOPLIST_KEY_UIApplicationSupportsIndirectInputEvents = YES;
				INFOPLIST_KEY_UILaunchScreen_Generation = YES;
				INFOPLIST_KEY_UIStatusBarStyle = "";
				INFOPLIST_KEY_UISupportedInterfaceOrientations = "UIInterfaceOrientationLandscapeLeft UIInterfaceOrientationLandscapeRight";
				INFOPLIST_KEY_UISupportedInterfaceOrientations_iPad = "UIInterfaceOrientationLandscapeLeft UIInterfaceOrientationLandscapeRight UIInterfaceOrientationPortrait UIInterfaceOrientationPortraitUpsideDown";
				LD_RUNPATH_SEARCH_PATHS = (
					"$(inherited)",
					"@executable_path/Frameworks",
				);
				MARKETING_VERSION = 1.0;
				PRODUCT_BUNDLE_IDENTIFIER = blacklabs.DailySkye;
				PRODUCT_NAME = "$(TARGET_NAME)";
				SWIFT_EMIT_LOC_STRINGS = YES;
				SWIFT_VERSION = 5.0;
				TARGETED_DEVICE_FAMILY = "1,2";
			};
			name = Release;
		};
/* End XCBuildConfiguration section */

/* Begin XCConfigurationList section */
		20AB317829B7EA17007A48C2 /* Build configuration list for PBXProject "DailySkye" */ = {
			isa = XCConfigurationList;
			buildConfigurations = (
				20AB318929B7EA18007A48C2 /* Debug */,
				20AB318A29B7EA18007A48C2 /* Release */,
			);
			defaultConfigurationIsVisible = 0;
			defaultConfigurationName = Release;
		};
		20AB318B29B7EA18007A48C2 /* Build configuration list for PBXNativeTarget "DailySkye" */ = {
			isa = XCConfigurationList;
			buildConfigurations = (
				20AB318C29B7EA18007A48C2 /* Debug */,
				20AB318D29B7EA18007A48C2 /* Release */,
			);
			defaultConfigurationIsVisible = 0;
			defaultConfigurationName = Release;
		};
/* End XCConfigurationList section */
	};
	rootObject = 20AB317529B7EA17007A48C2 /* Project object */;
}
